
Microsoft Visual Studio Solution File, Format Version 12.00
# Visual Studio 15
VisualStudioVersion = 15.0.28010.2036
MinimumVisualStudioVersion = 10.0.40219.1
Project("{FAE04EC0-301F-11D3-BF4B-00C04F79EFBC}") = "GameTestUI", "GameTestUI\GameTestUI.csproj", "{37BB61FE-019B-4CB9-AEB6-5E6DBE8AD5E2}"
EndProject
Project("{FAE04EC0-301F-11D3-BF4B-00C04F79EFBC}") = "Engine", "Engine\Engine.csproj", "{8FDB4F62-BF08-4FCE-8A88-F2DBC044BB15}"
EndProject
Global
	GlobalSection(SolutionConfigurationPlatforms) = preSolution
		Debug|Any CPU = Debug|Any CPU
		Release|Any CPU = Release|Any CPU
	EndGlobalSection
	GlobalSection(ProjectConfigurationPlatforms) = postSolution
		{37BB61FE-019B-4CB9-AEB6-5E6DBE8AD5E2}.Debug|Any CPU.ActiveCfg = Debug|Any CPU
		{37BB61FE-019B-4CB9-AEB6-5E6DBE8AD5E2}.Debug|Any CPU.Build.0 = Debug|Any CPU
		{37BB61FE-019B-4CB9-AEB6-5E6DBE8AD5E2}.Release|Any CPU.ActiveCfg = Release|Any CPU
		{37BB61FE-019B-4CB9-AEB6-5E6DBE8AD5E2}.Release|Any CPU.Build.0 = Release|Any CPU
		{8FDB4F62-BF08-4FCE-8A88-F2DBC044BB15}.Debug|Any CPU.ActiveCfg = Debug|Any CPU
		{8FDB4F62-BF08-4FCE-8A88-F2DBC044BB15}.Debug|Any CPU.Build.0 = Debug|Any CPU
		{8FDB4F62-BF08-4FCE-8A88-F2DBC044BB15}.Release|Any CPU.ActiveCfg = Release|Any CPU
		{8FDB4F62-BF08-4FCE-8A88-F2DBC044BB15}.Release|Any CPU.Build.0 = Release|Any CPU
	EndGlobalSection
	GlobalSection(SolutionProperties) = preSolution
		HideSolutionNode = FALSE
	EndGlobalSection
	GlobalSection(ExtensibilityGlobals) = postSolution
		SolutionGuid = {45B322EF-2257-4383-BA5B-8D8BFE8F8778}
	EndGlobalSection
EndGlobal
